
Microsoft Visual Studio Solution File, Format Version 12.00
# Visual Studio Version 16
VisualStudioVersion = 16.0.32126.315
MinimumVisualStudioVersion = 10.0.40219.1
Project("{FAE04EC0-301F-11D3-BF4B-00C04F79EFBC}") = "BoidBash", "BoidBash.csproj", "{92162C86-006C-4558-9898-AFB1CDC6CABD}"
EndProject
Global
	GlobalSection(SolutionConfigurationPlatforms) = preSolution
		Debug|Any CPU = Debug|Any CPU
		Release|Any CPU = Release|Any CPU
	EndGlobalSection
	GlobalSection(ProjectConfigurationPlatforms) = postSolution
		{92162C86-006C-4558-9898-AFB1CDC6CABD}.Debug|Any CPU.ActiveCfg = Debug|Any CPU
		{92162C86-006C-4558-9898-AFB1CDC6CABD}.Debug|Any CPU.Build.0 = Debug|Any CPU
		{92162C86-006C-4558-9898-AFB1CDC6CABD}.Release|Any CPU.ActiveCfg = Release|Any CPU
		{92162C86-006C-4558-9898-AFB1CDC6CABD}.Release|Any CPU.Build.0 = Release|Any CPU
	EndGlobalSection
	GlobalSection(SolutionProperties) = preSolution
		HideSolutionNode = FALSE
	EndGlobalSection
	GlobalSection(ExtensibilityGlobals) = postSolution
		SolutionGuid = {B3BECFC5-BCE4-41E5-99F5-84C47A884AFF}
	EndGlobalSection
EndGlobal
