
Microsoft Visual Studio Solution File, Format Version 12.00
# Visual Studio Version 16
VisualStudioVersion = 16.0.32126.315
MinimumVisualStudioVersion = 10.0.40219.1
Project("{FAE04EC0-301F-11D3-BF4B-00C04F79EFBC}") = "PredatorBuild", "PredatorBuild.csproj", "{5407F07C-A889-4CD4-B3FF-FC62B061725E}"
EndProject
Global
	GlobalSection(SolutionConfigurationPlatforms) = preSolution
		Debug|Any CPU = Debug|Any CPU
		Release|Any CPU = Release|Any CPU
	EndGlobalSection
	GlobalSection(ProjectConfigurationPlatforms) = postSolution
		{5407F07C-A889-4CD4-B3FF-FC62B061725E}.Debug|Any CPU.ActiveCfg = Debug|Any CPU
		{5407F07C-A889-4CD4-B3FF-FC62B061725E}.Debug|Any CPU.Build.0 = Debug|Any CPU
		{5407F07C-A889-4CD4-B3FF-FC62B061725E}.Release|Any CPU.ActiveCfg = Release|Any CPU
		{5407F07C-A889-4CD4-B3FF-FC62B061725E}.Release|Any CPU.Build.0 = Release|Any CPU
	EndGlobalSection
	GlobalSection(SolutionProperties) = preSolution
		HideSolutionNode = FALSE
	EndGlobalSection
	GlobalSection(ExtensibilityGlobals) = postSolution
		SolutionGuid = {9D6CE63D-DC41-4F28-B98A-AFFA0ED75BAF}
	EndGlobalSection
EndGlobal
